<?xml version="1.0" encoding="utf-8"?>
<Project ToolsVersion="4.0" xmlns="http://schemas.microsoft.com/developer/msbuild/2003">
  <ItemGroup>
    <Filter Include="资源文件">
      <UniqueIdentifier>{67DA6AB6-F800-4c08-8B7A-83BB121AAD01}</UniqueIdentifier>
      <Extensions>rc;ico;cur;bmp;dlg;rc2;rct;bin;rgs;gif;jpg;jpeg;jpe;resx;tiff;tif;png;wav;mfcribbon-ms</Extensions>
    </Filter>
    <Filter Include="源文件">
      <UniqueIdentifier>{a6a43fed-2822-4a6d-ac01-6b6e2933358e}</UniqueIdentifier>
    </Filter>
    <Filter Include="libgrapghics">
      <UniqueIdentifier>{6f857ca8-7090-4e2e-81bd-416525ddb7fd}</UniqueIdentifier>
    </Filter>
    <Filter Include="include">
      <UniqueIdentifier>{b00140ba-f4ac-4fe0-8c4b-70c8b987794c}</UniqueIdentifier>
    </Filter>
  </ItemGroup>
  <ItemGroup>
    <ClCompile Include="demo.c">
      <Filter>源文件</Filter>
    </ClCompile>
    <ClCompile Include="D:\files\c-big-project\CAD\libgraphics\exceptio.c">
      <Filter>源文件</Filter>
    </ClCompile>
    <ClCompile Include="D:\files\c-big-project\CAD\libgraphics\genlib.c">
      <Filter>源文件</Filter>
    </ClCompile>
    <ClCompile Include="D:\files\c-big-project\CAD\libgraphics\graphics.c">
      <Filter>源文件</Filter>
    </ClCompile>
    <ClCompile Include="D:\files\c-big-project\CAD\linkedlist.c">
      <Filter>源文件</Filter>
    </ClCompile>
    <ClCompile Include="D:\files\c-big-project\CAD\libgraphics\random.c">
      <Filter>源文件</Filter>
    </ClCompile>
    <ClCompile Include="D:\files\c-big-project\CAD\libgraphics\simpio.c">
      <Filter>源文件</Filter>
    </ClCompile>
    <ClCompile Include="D:\files\c-big-project\CAD\libgraphics\strlib.c">
      <Filter>源文件</Filter>
    </ClCompile>
    <ClCompile Include="libgraphics\exceptio.c">
      <Filter>libgrapghics</Filter>
    </ClCompile>
    <ClCompile Include="libgraphics\genlib.c">
      <Filter>libgrapghics</Filter>
    </ClCompile>
    <ClCompile Include="libgraphics\graphics.c">
      <Filter>libgrapghics</Filter>
    </ClCompile>
    <ClCompile Include="libgraphics\random.c">
      <Filter>libgrapghics</Filter>
    </ClCompile>
    <ClCompile Include="libgraphics\simpio.c">
      <Filter>libgrapghics</Filter>
    </ClCompile>
    <ClCompile Include="libgraphics\strlib.c">
      <Filter>libgrapghics</Filter>
    </ClCompile>
  </ItemGroup>
  <ItemGroup>
    <ClInclude Include="include\exception.h">
      <Filter>include</Filter>
    </ClInclude>
    <ClInclude Include="include\extgraph.h">
      <Filter>include</Filter>
    </ClInclude>
    <ClInclude Include="include\gcalloc.h">
      <Filter>include</Filter>
    </ClInclude>
    <ClInclude Include="include\genlib.h">
      <Filter>include</Filter>
    </ClInclude>
    <ClInclude Include="include\graphics.h">
      <Filter>include</Filter>
    </ClInclude>
    <ClInclude Include="include\random.h">
      <Filter>include</Filter>
    </ClInclude>
    <ClInclude Include="include\simpio.h">
      <Filter>include</Filter>
    </ClInclude>
    <ClInclude Include="include\strlib.h">
      <Filter>include</Filter>
    </ClInclude>
  </ItemGroup>
</Project>